<?xml version="1.0" encoding="utf-8"?>
<Project ToolsVersion="4.0" xmlns="http://schemas.microsoft.com/developer/msbuild/2003">
  <ItemGroup>
    <Filter Include="Source Files">
      <UniqueIdentifier>{4FC737F1-C7A5-4376-A066-2A32D752A2FF}</UniqueIdentifier>
      <Extensions>cpp;c;cc;cxx;c++;cppm;ixx;def;odl;idl;hpj;bat;asm;asmx</Extensions>
    </Filter>
    <Filter Include="Header Files">
      <UniqueIdentifier>{93995380-89BD-4b04-88EB-625FBE52EBFB}</UniqueIdentifier>
      <Extensions>h;hh;hpp;hxx;h++;hm;inl;inc;ipp;xsd</Extensions>
    </Filter>
    <Filter Include="Resource Files">
      <UniqueIdentifier>{67DA6AB6-F800-4c08-8B7A-83BB121AAD01}</UniqueIdentifier>
      <Extensions>rc;ico;cur;bmp;dlg;rc2;rct;bin;rgs;gif;jpg;jpeg;jpe;resx;tiff;tif;png;wav;mfcribbon-ms</Extensions>
    </Filter>
    <Filter Include="Source Files\Transport Layer">
      <UniqueIdentifier>{1d388d9f-b500-4a48-b378-fb28e05716f9}</UniqueIdentifier>
    </Filter>
    <Filter Include="Header Files\Transport Layer">
      <UniqueIdentifier>{aa9c008b-58c8-47c8-9fd8-6d4938560390}</UniqueIdentifier>
    </Filter>
    <Filter Include="Header Files\Transport Layer\Exceptions">
      <UniqueIdentifier>{b3ce6242-bf13-4068-8d62-a8b639dfffd6}</UniqueIdentifier>
    </Filter>
  </ItemGroup>
  <ItemGroup>
    <ClCompile Include="lib\Communication\ApplicationLayer\Instruction\InstructionData.cpp">
      <Filter>Source Files</Filter>
    </ClCompile>
    <ClCompile Include="lib\Communication\ApplicationLayer\Instruction\InstructionPrinter.cpp">
      <Filter>Source Files</Filter>
    </ClCompile>
    <ClCompile Include="lib\Communication\ApplicationLayer\Instruction\InstructionStream.cpp">
      <Filter>Source Files</Filter>
    </ClCompile>
    <ClCompile Include="lib\Communication\ApplicationLayer\Lexer\Lexer.cpp">
      <Filter>Source Files</Filter>
    </ClCompile>
    <ClCompile Include="lib\Communication\ApplicationLayer\Parser\Parser.cpp">
      <Filter>Source Files</Filter>
    </ClCompile>
    <ClCompile Include="lib\Communication\ApplicationLayer\Token\DecimalToken.cpp">
      <Filter>Source Files</Filter>
    </ClCompile>
    <ClCompile Include="lib\Communication\ApplicationLayer\Token\InstructionToken.cpp">
      <Filter>Source Files</Filter>
    </ClCompile>
    <ClCompile Include="lib\Communication\ApplicationLayer\Token\IntegerToken.cpp">
      <Filter>Source Files</Filter>
    </ClCompile>
    <ClCompile Include="lib\Communication\ApplicationLayer\Token\TextToken.cpp">
      <Filter>Source Files</Filter>
    </ClCompile>
    <ClCompile Include="lib\Communication\ApplicationLayer\Token\Token.cpp">
      <Filter>Source Files</Filter>
    </ClCompile>
    <ClCompile Include="lib\Communication\ApplicationLayer\Token\TokenStream.cpp">
      <Filter>Source Files</Filter>
    </ClCompile>
    <ClCompile Include="lib\Communication\Exception\ApplicationLayer\Instruction\InvalidConversionToInstructionType.cpp">
      <Filter>Source Files</Filter>
    </ClCompile>
    <ClCompile Include="lib\Communication\Exception\ApplicationLayer\Lexer\InvalidCharacterException.cpp">
      <Filter>Source Files</Filter>
    </ClCompile>
    <ClCompile Include="lib\Communication\Exception\ApplicationLayer\Lexer\InvalidSequenceException.cpp">
      <Filter>Source Files</Filter>
    </ClCompile>
    <ClCompile Include="lib\Communication\Exception\ApplicationLayer\Lexer\LexerException.cpp">
      <Filter>Source Files</Filter>
    </ClCompile>
    <ClCompile Include="lib\Communication\Exception\ApplicationLayer\Parser\InvalidTokenSequenceException.cpp">
      <Filter>Source Files</Filter>
    </ClCompile>
    <ClCompile Include="lib\Communication\Exception\ApplicationLayer\Parser\ParserException.cpp">
      <Filter>Source Files</Filter>
    </ClCompile>
    <ClCompile Include="lib\Communication\Exception\ApplicationLayer\Protocol\ProtocolException.cpp">
      <Filter>Source Files</Filter>
    </ClCompile>
    <ClCompile Include="lib\Communication\Exception\ApplicationLayer\ApplicationLayerException.cpp">
      <Filter>Source Files</Filter>
    </ClCompile>
    <ClCompile Include="lib\Communication\Exception\CommunicationException.cpp">
      <Filter>Source Files</Filter>
    </ClCompile>
    <ClCompile Include="lib\Communication\ApplicationLayer\Instruction\Instruction.cpp">
      <Filter>Source Files</Filter>
    </ClCompile>
    <ClCompile Include="lib\Communication\TransportLayer\SocketException.cpp">
      <Filter>Source Files</Filter>
    </ClCompile>
    <ClCompile Include="lib\Communication\TransportLayer\WindowsConnection.cpp">
      <Filter>Source Files</Filter>
    </ClCompile>
    <ClCompile Include="lib\Communication\TransportLayer\WindowsListener.cpp">
      <Filter>Source Files</Filter>
    </ClCompile>
    <ClCompile Include="lib\Communication\TransportLayer\WindowsReceiver.cpp">
      <Filter>Source Files</Filter>
    </ClCompile>
    <ClCompile Include="lib\Communication\TransportLayer\Buffer.cpp">
      <Filter>Source Files</Filter>
    </ClCompile>
  </ItemGroup>
  <ItemGroup>
    <ClInclude Include="include\robotguide\Communication\ApplicationLayer\Instruction\Instruction.h">
      <Filter>Header Files</Filter>
    </ClInclude>
    <ClInclude Include="include\robotguide\Communication\ApplicationLayer\Instruction\InstructionData.h">
      <Filter>Header Files</Filter>
    </ClInclude>
    <ClInclude Include="include\robotguide\Communication\ApplicationLayer\Instruction\InstructionPrinter.h">
      <Filter>Header Files</Filter>
    </ClInclude>
    <ClInclude Include="include\robotguide\Communication\ApplicationLayer\Instruction\InstructionStream.h">
      <Filter>Header Files</Filter>
    </ClInclude>
    <ClInclude Include="include\robotguide\Communication\ApplicationLayer\Instruction\InstructionType.h">
      <Filter>Header Files</Filter>
    </ClInclude>
    <ClInclude Include="include\robotguide\Communication\ApplicationLayer\Lexer\Lexer.h">
      <Filter>Header Files</Filter>
    </ClInclude>
    <ClInclude Include="include\robotguide\Communication\ApplicationLayer\Lexer\LexerCharacterType.h">
      <Filter>Header Files</Filter>
    </ClInclude>
    <ClInclude Include="include\robotguide\Communication\ApplicationLayer\Lexer\LexerState.h">
      <Filter>Header Files</Filter>
    </ClInclude>
    <ClInclude Include="include\robotguide\Communication\ApplicationLayer\Parser\Parser.h">
      <Filter>Header Files</Filter>
    </ClInclude>
    <ClInclude Include="include\robotguide\Communication\ApplicationLayer\Parser\ParserState.h">
      <Filter>Header Files</Filter>
    </ClInclude>
    <ClInclude Include="include\robotguide\Communication\ApplicationLayer\Token\DecimalToken.h">
      <Filter>Header Files</Filter>
    </ClInclude>
    <ClInclude Include="include\robotguide\Communication\ApplicationLayer\Token\InstructionToken.h">
      <Filter>Header Files</Filter>
    </ClInclude>
    <ClInclude Include="include\robotguide\Communication\ApplicationLayer\Token\IntegerToken.h">
      <Filter>Header Files</Filter>
    </ClInclude>
    <ClInclude Include="include\robotguide\Communication\ApplicationLayer\Token\TextToken.h">
      <Filter>Header Files</Filter>
    </ClInclude>
    <ClInclude Include="include\robotguide\Communication\ApplicationLayer\Token\Token.h">
      <Filter>Header Files</Filter>
    </ClInclude>
    <ClInclude Include="include\robotguide\Communication\ApplicationLayer\Token\TokenStream.h">
      <Filter>Header Files</Filter>
    </ClInclude>
    <ClInclude Include="include\robotguide\Communication\ApplicationLayer\Token\TokenType.h">
      <Filter>Header Files</Filter>
    </ClInclude>
    <ClInclude Include="include\robotguide\Communication\Exception\ApplicationLayer\Instruction\InvalidConversionToInstructionType.h">
      <Filter>Header Files</Filter>
    </ClInclude>
    <ClInclude Include="include\robotguide\Communication\Exception\ApplicationLayer\Lexer\InvalidCharacterException.h">
      <Filter>Header Files</Filter>
    </ClInclude>
    <ClInclude Include="include\robotguide\Communication\Exception\ApplicationLayer\Lexer\InvalidSequenceException.h">
      <Filter>Header Files</Filter>
    </ClInclude>
    <ClInclude Include="include\robotguide\Communication\Exception\ApplicationLayer\Lexer\LexerException.h">
      <Filter>Header Files</Filter>
    </ClInclude>
    <ClInclude Include="include\robotguide\Communication\Exception\ApplicationLayer\Parser\InvalidTokenSequenceException.h">
      <Filter>Header Files</Filter>
    </ClInclude>
    <ClInclude Include="include\robotguide\Communication\Exception\ApplicationLayer\Parser\ParserException.h">
      <Filter>Header Files</Filter>
    </ClInclude>
    <ClInclude Include="include\robotguide\Communication\Exception\ApplicationLayer\Protocol\ProtocolException.h">
      <Filter>Header Files</Filter>
    </ClInclude>
    <ClInclude Include="include\robotguide\Communication\Exception\ApplicationLayer\ApplicationLayerException.h">
      <Filter>Header Files</Filter>
    </ClInclude>
    <ClInclude Include="include\robotguide\Communication\Exception\CommunicationException.h">
      <Filter>Header Files</Filter>
    </ClInclude>
    <ClInclude Include="include\robotguide\Communication\TransportLayer\IConnection.h">
      <Filter>Header Files</Filter>
    </ClInclude>
    <ClInclude Include="include\robotguide\Communication\TransportLayer\IListener.h">
      <Filter>Header Files</Filter>
    </ClInclude>
    <ClInclude Include="include\robotguide\Communication\TransportLayer\NoConnectionException.h">
      <Filter>Header Files</Filter>
    </ClInclude>
    <ClInclude Include="include\robotguide\Communication\TransportLayer\SocketDisconnectException.h">
      <Filter>Header Files</Filter>
    </ClInclude>
    <ClInclude Include="include\robotguide\Communication\TransportLayer\SocketException.h">
      <Filter>Header Files</Filter>
    </ClInclude>
    <ClInclude Include="include\robotguide\Communication\TransportLayer\SocketIntializationException.h">
      <Filter>Header Files</Filter>
    </ClInclude>
    <ClInclude Include="include\robotguide\Communication\TransportLayer\SocketTimeOutException.h">
      <Filter>Header Files</Filter>
    </ClInclude>
    <ClInclude Include="include\robotguide\Communication\TransportLayer\WindowsConnection.h">
      <Filter>Header Files</Filter>
    </ClInclude>
    <ClInclude Include="include\robotguide\Communication\TransportLayer\WindowsListener.h">
      <Filter>Header Files</Filter>
    </ClInclude>
    <ClInclude Include="include\robotguide\Communication\TransportLayer\IReceiver.h">
      <Filter>Header Files</Filter>
    </ClInclude>
    <ClInclude Include="include\robotguide\Communication\TransportLayer\WindowsReceiver.h">
      <Filter>Header Files</Filter>
    </ClInclude>
    <ClInclude Include="include\robotguide\Communication\TransportLayer\Buffer.h">
      <Filter>Header Files</Filter>
    </ClInclude>
  </ItemGroup>
</Project>