
Microsoft Visual Studio Solution File, Format Version 12.00
# Visual Studio Version 16
VisualStudioVersion = 16.0.29418.71
MinimumVisualStudioVersion = 10.0.40219.1
Project("{FAE04EC0-301F-11D3-BF4B-00C04F79EFBC}") = "RobotGuideServer", "RobotGuideServer\RobotGuideServer.csproj", "{22663494-3EB6-41E7-A1A6-1156D47EEB31}"
EndProject
Global
	GlobalSection(SolutionConfigurationPlatforms) = preSolution
		Debug|Any CPU = Debug|Any CPU
		Release|Any CPU = Release|Any CPU
	EndGlobalSection
	GlobalSection(ProjectConfigurationPlatforms) = postSolution
		{22663494-3EB6-41E7-A1A6-1156D47EEB31}.Debug|Any CPU.ActiveCfg = Debug|Any CPU
		{22663494-3EB6-41E7-A1A6-1156D47EEB31}.Debug|Any CPU.Build.0 = Debug|Any CPU
		{22663494-3EB6-41E7-A1A6-1156D47EEB31}.Release|Any CPU.ActiveCfg = Release|Any CPU
		{22663494-3EB6-41E7-A1A6-1156D47EEB31}.Release|Any CPU.Build.0 = Release|Any CPU
	EndGlobalSection
	GlobalSection(SolutionProperties) = preSolution
		HideSolutionNode = FALSE
	EndGlobalSection
	GlobalSection(ExtensibilityGlobals) = postSolution
		SolutionGuid = {4A3E32E6-9D80-4DB2-87E9-850B0860A429}
	EndGlobalSection
EndGlobal
